{
  "name": "lineup_app",
  "version": "1.0.0-alpha.1",
  "lockfileVersion": 1,
  "requires": true,
  "dependencies": {
    "@types/jquery": {
      "version": "3.3.0",
      "resolved": "https://registry.npmjs.org/@types/jquery/-/jquery-3.3.0.tgz",
      "integrity": "sha512-szaKV2OQgwxYTGTY6qd9eeBfGGCaP7n2OGit4JdbOcfGgc9VWjfhMhnu5AVNhIAu8WWDIB36q9dfPVba1fGeIQ=="
    },
    "@types/materialize-css": {
      "version": "1.0.1",
      "resolved": "https://registry.npmjs.org/@types/materialize-css/-/materialize-css-1.0.1.tgz",
      "integrity": "sha512-Y/AzjH3BPenBfF4FvIz8PCHUqPZ/18nt2cKEvOxDL3n21YShZwtIYuIe/TveHY4OMeHdd/XPy+oFi3tqjNEOUg==",
      "requires": {
        "@types/jquery": "3.3.0"
      }
    }
  }
}
